schema: '2.0'
stages:
  validate-data:
    cmd: .\\.venv\\Scripts\\python.exe -m recsys.validate_data
    deps:
    - path: data/raw/category_tree.csv
      hash: md5
      md5: f0e1eb878ae66209004112f6355d7e83
      size: 14454
    - path: data/raw/events.csv
      hash: md5
      md5: fddaf7c1c6a9df23a726500a08ffdd7e
      size: 94237913
    - path: data/raw/item_properties_part1.csv
      hash: md5
      md5: cb43a0682a1af76f1c1b60f9163ae47b
      size: 484315749
    - path: data/raw/item_properties_part2.csv
      hash: md5
      md5: e74ec953e7b192920b195dfd82dc2a4e
      size: 408929907
    - path: src/recsys/validate_data.py
      hash: md5
      md5: fe300b6f59088a07e0c74fa1e11eaa5a
      size: 1764
  train:
    cmd: .\\.venv\\Scripts\\python.exe -m recsys.train_fast
    deps:
    - path: data/raw/events.csv
      hash: md5
      md5: fddaf7c1c6a9df23a726500a08ffdd7e
      size: 94237913
    - path: src/recsys/config.py
      hash: md5
      md5: 7242f6b820df865cc1142689a370b286
      size: 704
    - path: src/recsys/model.py
      hash: md5
      md5: 5c95de435d1b14060f9b9cc61a97e9b4
      size: 1855
    - path: src/recsys/train_fast.py
      hash: md5
      md5: 550ed9bc5598ae3bf09d273307eb8197
      size: 7321
    outs:
    - path: artifacts/item_features.parquet
      hash: md5
      md5: 3b71a4a9e11102a547fdc1b6a981133d
      size: 582904
    - path: artifacts/item_neighbors.json
      hash: md5
      md5: d457a4aa80cee710d608611a9aef4280
      size: 1946430
    - path: artifacts/item_neighbors.parquet
      hash: md5
      md5: e302a1700f7bf716c46d2ec2433059e3
      size: 874461
    - path: artifacts/metrics.json
      hash: md5
      md5: ab59807ab37aac2f9d5fa85fd4e262b8
      size: 353
    - path: artifacts/popular_items.json
      hash: md5
      md5: 4a348265905443cf8053cd739198c6e8
      size: 77703
    - path: artifacts/popular_items.parquet
      hash: md5
      md5: a4ae2ad16f8305ec46b50c9c6276f93f
      size: 67857
    - path: artifacts/sklearn_neighbors.json
      hash: md5
      md5: 96fd525239054aa00d3c07d7a9030c69
      size: 7141814
    - path: artifacts/visitor_features.parquet
      hash: md5
      md5: 81f4c10b335341986032101be721e7b6
      size: 906313
